
Microsoft Visual Studio Solution File, Format Version 12.00
# Visual Studio Version 16
VisualStudioVersion = 25.0.1706.9
MinimumVisualStudioVersion = 10.0.40219.1
Project("{FAE04EC0-301F-11D3-BF4B-00C04F79EFBC}") = "RabbitMQReciever", "RabbitMQReciever\RabbitMQReciever.csproj", "{12995E58-7DAC-493D-AA0F-2AEEE15327F0}"
EndProject
Project("{FAE04EC0-301F-11D3-BF4B-00C04F79EFBC}") = "RabbitMQSender", "RabbitMQSender\RabbitMQSender.csproj", "{278864F7-967D-4D86-935B-A7683B72F007}"
EndProject
Project("{FAE04EC0-301F-11D3-BF4B-00C04F79EFBC}") = "RabbitMQ.Share", "RabbitMQ.Share\RabbitMQ.Share.csproj", "{CC1FAEEC-A126-4974-9A65-217584494675}"
EndProject
Global
	GlobalSection(SolutionConfigurationPlatforms) = preSolution
		Debug|Any CPU = Debug|Any CPU
		Release|Any CPU = Release|Any CPU
	EndGlobalSection
	GlobalSection(ProjectConfigurationPlatforms) = postSolution
		{12995E58-7DAC-493D-AA0F-2AEEE15327F0}.Debug|Any CPU.ActiveCfg = Debug|Any CPU
		{12995E58-7DAC-493D-AA0F-2AEEE15327F0}.Debug|Any CPU.Build.0 = Debug|Any CPU
		{12995E58-7DAC-493D-AA0F-2AEEE15327F0}.Release|Any CPU.ActiveCfg = Release|Any CPU
		{12995E58-7DAC-493D-AA0F-2AEEE15327F0}.Release|Any CPU.Build.0 = Release|Any CPU
		{278864F7-967D-4D86-935B-A7683B72F007}.Debug|Any CPU.ActiveCfg = Debug|Any CPU
		{278864F7-967D-4D86-935B-A7683B72F007}.Debug|Any CPU.Build.0 = Debug|Any CPU
		{278864F7-967D-4D86-935B-A7683B72F007}.Release|Any CPU.ActiveCfg = Release|Any CPU
		{278864F7-967D-4D86-935B-A7683B72F007}.Release|Any CPU.Build.0 = Release|Any CPU
		{CC1FAEEC-A126-4974-9A65-217584494675}.Debug|Any CPU.ActiveCfg = Debug|Any CPU
		{CC1FAEEC-A126-4974-9A65-217584494675}.Debug|Any CPU.Build.0 = Debug|Any CPU
		{CC1FAEEC-A126-4974-9A65-217584494675}.Release|Any CPU.ActiveCfg = Release|Any CPU
		{CC1FAEEC-A126-4974-9A65-217584494675}.Release|Any CPU.Build.0 = Release|Any CPU
	EndGlobalSection
	GlobalSection(SolutionProperties) = preSolution
		HideSolutionNode = FALSE
	EndGlobalSection
	GlobalSection(ExtensibilityGlobals) = postSolution
		SolutionGuid = {3F1EEE19-320C-4D9A-B899-B67D889C2046}
	EndGlobalSection
EndGlobal
